
Microsoft Visual Studio Solution File, Format Version 12.00
# Visual Studio Version 16
VisualStudioVersion = 16.0.29728.190
MinimumVisualStudioVersion = 10.0.40219.1
Project("{FAE04EC0-301F-11D3-BF4B-00C04F79EFBC}") = "ChatServer", "ChatServer\ChatServer.csproj", "{AFF1A006-B884-4BBA-8DF5-29E9D9688044}"
EndProject
Global
	GlobalSection(SolutionConfigurationPlatforms) = preSolution
		Debug|Any CPU = Debug|Any CPU
		Release|Any CPU = Release|Any CPU
	EndGlobalSection
	GlobalSection(ProjectConfigurationPlatforms) = postSolution
		{AFF1A006-B884-4BBA-8DF5-29E9D9688044}.Debug|Any CPU.ActiveCfg = Debug|Any CPU
		{AFF1A006-B884-4BBA-8DF5-29E9D9688044}.Debug|Any CPU.Build.0 = Debug|Any CPU
		{AFF1A006-B884-4BBA-8DF5-29E9D9688044}.Release|Any CPU.ActiveCfg = Release|Any CPU
		{AFF1A006-B884-4BBA-8DF5-29E9D9688044}.Release|Any CPU.Build.0 = Release|Any CPU
	EndGlobalSection
	GlobalSection(SolutionProperties) = preSolution
		HideSolutionNode = FALSE
	EndGlobalSection
	GlobalSection(ExtensibilityGlobals) = postSolution
		SolutionGuid = {72F26A63-2833-4C2E-8509-FDEC1938A165}
	EndGlobalSection
EndGlobal
